
Microsoft Visual Studio Solution File, Format Version 12.00
# Visual Studio Version 17
VisualStudioVersion = 17.0.31903.59
MinimumVisualStudioVersion = 10.0.40219.1
Project("{2150E333-8FDC-42A3-9474-1A3956D46DE8}") = "src", "src", "{45E89E4B-9B0F-4656-BB3E-326E0E0A47EB}"
EndProject
Project("{FAE04EC0-301F-11D3-BF4B-00C04F79EFBC}") = "ValidarPassword", "src\ValidarPassword\ValidarPassword.csproj", "{223E18E1-9ECB-4513-98E5-53A7DFBA84CD}"
EndProject
Global
	GlobalSection(SolutionConfigurationPlatforms) = preSolution
		Debug|Any CPU = Debug|Any CPU
		Release|Any CPU = Release|Any CPU
	EndGlobalSection
	GlobalSection(SolutionProperties) = preSolution
		HideSolutionNode = FALSE
	EndGlobalSection
	GlobalSection(ProjectConfigurationPlatforms) = postSolution
		{223E18E1-9ECB-4513-98E5-53A7DFBA84CD}.Debug|Any CPU.ActiveCfg = Debug|Any CPU
		{223E18E1-9ECB-4513-98E5-53A7DFBA84CD}.Debug|Any CPU.Build.0 = Debug|Any CPU
		{223E18E1-9ECB-4513-98E5-53A7DFBA84CD}.Release|Any CPU.ActiveCfg = Release|Any CPU
		{223E18E1-9ECB-4513-98E5-53A7DFBA84CD}.Release|Any CPU.Build.0 = Release|Any CPU
	EndGlobalSection
	GlobalSection(NestedProjects) = preSolution
		{223E18E1-9ECB-4513-98E5-53A7DFBA84CD} = {45E89E4B-9B0F-4656-BB3E-326E0E0A47EB}
	EndGlobalSection
EndGlobal
