
Microsoft Visual Studio Solution File, Format Version 12.00
# Visual Studio Version 17
VisualStudioVersion = 17.6.33723.286
MinimumVisualStudioVersion = 10.0.40219.1
Project("{FAE04EC0-301F-11D3-BF4B-00C04F79EFBC}") = "FacturacionProductos", "FacturacionProductos\FacturacionProductos.csproj", "{75571872-9536-417C-9A78-633C5F6D928A}"
EndProject
Global
	GlobalSection(SolutionConfigurationPlatforms) = preSolution
		Debug|Any CPU = Debug|Any CPU
		Release|Any CPU = Release|Any CPU
	EndGlobalSection
	GlobalSection(ProjectConfigurationPlatforms) = postSolution
		{75571872-9536-417C-9A78-633C5F6D928A}.Debug|Any CPU.ActiveCfg = Debug|Any CPU
		{75571872-9536-417C-9A78-633C5F6D928A}.Debug|Any CPU.Build.0 = Debug|Any CPU
		{75571872-9536-417C-9A78-633C5F6D928A}.Release|Any CPU.ActiveCfg = Release|Any CPU
		{75571872-9536-417C-9A78-633C5F6D928A}.Release|Any CPU.Build.0 = Release|Any CPU
	EndGlobalSection
	GlobalSection(SolutionProperties) = preSolution
		HideSolutionNode = FALSE
	EndGlobalSection
	GlobalSection(ExtensibilityGlobals) = postSolution
		SolutionGuid = {39103F44-F035-4543-B135-804E389A392E}
	EndGlobalSection
EndGlobal
